{
  "name": "rayjs",
  "version": "1.0.0",
  "lockfileVersion": 1,
  "requires": true,
  "dependencies": {
    "html-fixture": {
      "version": "0.9.15",
      "resolved": "https://registry.npmjs.org/html-fixture/-/html-fixture-0.9.15.tgz",
      "integrity": "sha512-ZE6UreVQPKOxBfC1rFPOBuCabsVLyYzFan40FmiKCw8V1E+CJ3dt/5jWssp1BWX64fEkW4f/dGr9YbdT7S24Jw==",
      "dev": true
    }
  }
}
